
Microsoft Visual Studio Solution File, Format Version 12.00
# Visual Studio Version 16
VisualStudioVersion = 16.0.32407.337
MinimumVisualStudioVersion = 10.0.40219.1
Project("{FAE04EC0-301F-11D3-BF4B-00C04F79EFBC}") = "Parts_U_Selenium_Demo", "Parts_U_Selenium_Demo\Parts_U_Selenium_Demo.csproj", "{A722312E-95DF-456F-A4D2-A83C6A37CB8D}"
EndProject
Global
	GlobalSection(SolutionConfigurationPlatforms) = preSolution
		Debug|Any CPU = Debug|Any CPU
		Release|Any CPU = Release|Any CPU
	EndGlobalSection
	GlobalSection(ProjectConfigurationPlatforms) = postSolution
		{A722312E-95DF-456F-A4D2-A83C6A37CB8D}.Debug|Any CPU.ActiveCfg = Debug|Any CPU
		{A722312E-95DF-456F-A4D2-A83C6A37CB8D}.Debug|Any CPU.Build.0 = Debug|Any CPU
		{A722312E-95DF-456F-A4D2-A83C6A37CB8D}.Release|Any CPU.ActiveCfg = Release|Any CPU
		{A722312E-95DF-456F-A4D2-A83C6A37CB8D}.Release|Any CPU.Build.0 = Release|Any CPU
	EndGlobalSection
	GlobalSection(SolutionProperties) = preSolution
		HideSolutionNode = FALSE
	EndGlobalSection
	GlobalSection(ExtensibilityGlobals) = postSolution
		SolutionGuid = {D4605B09-860B-4FE3-A64A-84088AD17D14}
	EndGlobalSection
EndGlobal
